
Microsoft Visual Studio Solution File, Format Version 12.00
# Visual Studio Version 17
VisualStudioVersion = 17.8.34511.84
MinimumVisualStudioVersion = 10.0.40219.1
Project("{9A19103F-16F7-4668-BE54-9A1E7A4F7556}") = "MailSendStartup.App", "MailSendStartup.App\MailSendStartup.App.csproj", "{21C6B3CA-E5A5-4A7B-B057-30CCE1236733}"
EndProject
Project("{9A19103F-16F7-4668-BE54-9A1E7A4F7556}") = "SendConfiguration.App", "SendConfiguration.App\SendConfiguration.App.csproj", "{9254AFDE-EEEE-4810-B143-216E044E9E39}"
EndProject
Project("{54435603-DBB4-11D2-8724-00A0C9A8B90C}") = "NotificationPc", "NotificationPc\NotificationPc.vdproj", "{9EB043AE-12E4-404F-97EA-185AB39CFD8F}"
EndProject
Global
	GlobalSection(SolutionConfigurationPlatforms) = preSolution
		Debug|Any CPU = Debug|Any CPU
		Release|Any CPU = Release|Any CPU
	EndGlobalSection
	GlobalSection(ProjectConfigurationPlatforms) = postSolution
		{21C6B3CA-E5A5-4A7B-B057-30CCE1236733}.Debug|Any CPU.ActiveCfg = Debug|Any CPU
		{21C6B3CA-E5A5-4A7B-B057-30CCE1236733}.Debug|Any CPU.Build.0 = Debug|Any CPU
		{21C6B3CA-E5A5-4A7B-B057-30CCE1236733}.Release|Any CPU.ActiveCfg = Release|Any CPU
		{21C6B3CA-E5A5-4A7B-B057-30CCE1236733}.Release|Any CPU.Build.0 = Release|Any CPU
		{9254AFDE-EEEE-4810-B143-216E044E9E39}.Debug|Any CPU.ActiveCfg = Debug|Any CPU
		{9254AFDE-EEEE-4810-B143-216E044E9E39}.Debug|Any CPU.Build.0 = Debug|Any CPU
		{9254AFDE-EEEE-4810-B143-216E044E9E39}.Release|Any CPU.ActiveCfg = Release|Any CPU
		{9254AFDE-EEEE-4810-B143-216E044E9E39}.Release|Any CPU.Build.0 = Release|Any CPU
		{9EB043AE-12E4-404F-97EA-185AB39CFD8F}.Debug|Any CPU.ActiveCfg = Debug
		{9EB043AE-12E4-404F-97EA-185AB39CFD8F}.Release|Any CPU.ActiveCfg = Release
	EndGlobalSection
	GlobalSection(SolutionProperties) = preSolution
		HideSolutionNode = FALSE
	EndGlobalSection
	GlobalSection(ExtensibilityGlobals) = postSolution
		SolutionGuid = {80186DAF-E779-4797-9A7A-4BF5913C13B6}
	EndGlobalSection
EndGlobal
